
Microsoft Visual Studio Solution File, Format Version 12.00
# Visual Studio Version 17
VisualStudioVersion = 17.6.33723.286
MinimumVisualStudioVersion = 10.0.40219.1
Project("{FAE04EC0-301F-11D3-BF4B-00C04F79EFBC}") = "payrolTendik", "payrolTendik.csproj", "{D648E9B1-5974-4BB2-8DF5-74D087C7916A}"
EndProject
Global
	GlobalSection(SolutionConfigurationPlatforms) = preSolution
		Debug|Any CPU = Debug|Any CPU
		Release|Any CPU = Release|Any CPU
	EndGlobalSection
	GlobalSection(ProjectConfigurationPlatforms) = postSolution
		{D648E9B1-5974-4BB2-8DF5-74D087C7916A}.Debug|Any CPU.ActiveCfg = Debug|Any CPU
		{D648E9B1-5974-4BB2-8DF5-74D087C7916A}.Debug|Any CPU.Build.0 = Debug|Any CPU
		{D648E9B1-5974-4BB2-8DF5-74D087C7916A}.Release|Any CPU.ActiveCfg = Release|Any CPU
		{D648E9B1-5974-4BB2-8DF5-74D087C7916A}.Release|Any CPU.Build.0 = Release|Any CPU
	EndGlobalSection
	GlobalSection(SolutionProperties) = preSolution
		HideSolutionNode = FALSE
	EndGlobalSection
	GlobalSection(ExtensibilityGlobals) = postSolution
		SolutionGuid = {4C60CB6A-AA19-4788-85BE-1813A512C2D7}
	EndGlobalSection
EndGlobal
